
Microsoft Visual Studio Solution File, Format Version 12.00
# Visual Studio Version 17
VisualStudioVersion = 17.5.33516.290
MinimumVisualStudioVersion = 10.0.40219.1
Project("{FAE04EC0-301F-11D3-BF4B-00C04F79EFBC}") = "day-1-Trebuchet", "day-1-Trebuchet\day-1-Trebuchet.csproj", "{FE853E23-8227-4D88-A884-72FC34866B5C}"
EndProject
Project("{FAE04EC0-301F-11D3-BF4B-00C04F79EFBC}") = "day-1-Trebuchet.Tests", "day-1-Trebuchet.Tests\day-1-Trebuchet.Tests.csproj", "{E5EA6ED8-2823-4D38-9743-D8BE008F91A5}"
EndProject
Project("{FAE04EC0-301F-11D3-BF4B-00C04F79EFBC}") = "day-4-Scratchcards", "day-4-Scratchcards\day-4-Scratchcards.csproj", "{0D297BC1-3AF2-49FC-9ECB-1E0F392C5317}"
EndProject
Project("{FAE04EC0-301F-11D3-BF4B-00C04F79EFBC}") = "day-4-Scratchcards.Tests", "day-4-Scratchcards.Tests\day-4-Scratchcards.Tests.csproj", "{F8CC7431-E11A-4B00-A227-61FE0E9BBFDC}"
EndProject
Global
	GlobalSection(SolutionConfigurationPlatforms) = preSolution
		Debug|Any CPU = Debug|Any CPU
		Release|Any CPU = Release|Any CPU
	EndGlobalSection
	GlobalSection(ProjectConfigurationPlatforms) = postSolution
		{FE853E23-8227-4D88-A884-72FC34866B5C}.Debug|Any CPU.ActiveCfg = Debug|Any CPU
		{FE853E23-8227-4D88-A884-72FC34866B5C}.Debug|Any CPU.Build.0 = Debug|Any CPU
		{FE853E23-8227-4D88-A884-72FC34866B5C}.Release|Any CPU.ActiveCfg = Release|Any CPU
		{FE853E23-8227-4D88-A884-72FC34866B5C}.Release|Any CPU.Build.0 = Release|Any CPU
		{E5EA6ED8-2823-4D38-9743-D8BE008F91A5}.Debug|Any CPU.ActiveCfg = Debug|Any CPU
		{E5EA6ED8-2823-4D38-9743-D8BE008F91A5}.Debug|Any CPU.Build.0 = Debug|Any CPU
		{E5EA6ED8-2823-4D38-9743-D8BE008F91A5}.Release|Any CPU.ActiveCfg = Release|Any CPU
		{E5EA6ED8-2823-4D38-9743-D8BE008F91A5}.Release|Any CPU.Build.0 = Release|Any CPU
		{0D297BC1-3AF2-49FC-9ECB-1E0F392C5317}.Debug|Any CPU.ActiveCfg = Debug|Any CPU
		{0D297BC1-3AF2-49FC-9ECB-1E0F392C5317}.Debug|Any CPU.Build.0 = Debug|Any CPU
		{0D297BC1-3AF2-49FC-9ECB-1E0F392C5317}.Release|Any CPU.ActiveCfg = Release|Any CPU
		{0D297BC1-3AF2-49FC-9ECB-1E0F392C5317}.Release|Any CPU.Build.0 = Release|Any CPU
		{F8CC7431-E11A-4B00-A227-61FE0E9BBFDC}.Debug|Any CPU.ActiveCfg = Debug|Any CPU
		{F8CC7431-E11A-4B00-A227-61FE0E9BBFDC}.Debug|Any CPU.Build.0 = Debug|Any CPU
		{F8CC7431-E11A-4B00-A227-61FE0E9BBFDC}.Release|Any CPU.ActiveCfg = Release|Any CPU
		{F8CC7431-E11A-4B00-A227-61FE0E9BBFDC}.Release|Any CPU.Build.0 = Release|Any CPU
	EndGlobalSection
	GlobalSection(SolutionProperties) = preSolution
		HideSolutionNode = FALSE
	EndGlobalSection
	GlobalSection(ExtensibilityGlobals) = postSolution
		SolutionGuid = {B30E8703-AEA2-447E-8172-501FAD3961FD}
	EndGlobalSection
EndGlobal
